
Microsoft Visual Studio Solution File, Format Version 12.00
# Visual Studio Version 17
VisualStudioVersion = 17.4.33213.308
MinimumVisualStudioVersion = 10.0.40219.1
Project("{FAE04EC0-301F-11D3-BF4B-00C04F79EFBC}") = "2116976_LyThuyetBuoi2", "2116976_LyThuyetBuoi2\2116976_LyThuyetBuoi2.csproj", "{CC4FA5AE-307E-4910-A2C3-A671B4F5A219}"
EndProject
Global
	GlobalSection(SolutionConfigurationPlatforms) = preSolution
		Debug|Any CPU = Debug|Any CPU
		Release|Any CPU = Release|Any CPU
	EndGlobalSection
	GlobalSection(ProjectConfigurationPlatforms) = postSolution
		{CC4FA5AE-307E-4910-A2C3-A671B4F5A219}.Debug|Any CPU.ActiveCfg = Debug|Any CPU
		{CC4FA5AE-307E-4910-A2C3-A671B4F5A219}.Debug|Any CPU.Build.0 = Debug|Any CPU
		{CC4FA5AE-307E-4910-A2C3-A671B4F5A219}.Release|Any CPU.ActiveCfg = Release|Any CPU
		{CC4FA5AE-307E-4910-A2C3-A671B4F5A219}.Release|Any CPU.Build.0 = Release|Any CPU
	EndGlobalSection
	GlobalSection(SolutionProperties) = preSolution
		HideSolutionNode = FALSE
	EndGlobalSection
	GlobalSection(ExtensibilityGlobals) = postSolution
		SolutionGuid = {3632B8BE-28DC-4CB5-821A-37C5AF6622E4}
	EndGlobalSection
EndGlobal
